// !$*UTF8*$!
{
	archiveVersion = 1;
	classes = {
	};
	objectVersion = 48;
	objects = {

/* Begin PBXBuildFile section */
		2798A66EE3FCE7CC3059190F /* libPods-Wawaji-Client-iOS.a in Frameworks */ = {isa = PBXBuildFile; fileRef = B061C0C246E8B6A3DD7515DF /* libPods-Wawaji-Client-iOS.a */; };
		707CB4A31FD2A5F700A9DAA6 /* ZinianWawajiController.m in Sources */ = {isa = PBXBuildFile; fileRef = 707CB4A21FD2A5F700A9DAA6 /* ZinianWawajiController.m */; };
		707CB4A61FD2A9FE00A9DAA6 /* LeyaoyaoWawajiController.m in Sources */ = {isa = PBXBuildFile; fileRef = 707CB4A51FD2A9FE00A9DAA6 /* LeyaoyaoWawajiController.m */; };
		707CB4A91FD2ABC600A9DAA6 /* WawajiControllerCreator.m in Sources */ = {isa = PBXBuildFile; fileRef = 707CB4A81FD2ABC600A9DAA6 /* WawajiControllerCreator.m */; };
		70840F031FC5AD0B00BCAB7D /* Localizable.strings in Resources */ = {isa = PBXBuildFile; fileRef = 70840F011FC5AD0B00BCAB7D /* Localizable.strings */; };
		709016541FBD416100D18745 /* AppDelegate.m in Sources */ = {isa = PBXBuildFile; fileRef = 709016531FBD416100D18745 /* AppDelegate.m */; };
		709016571FBD416100D18745 /* MainViewController.m in Sources */ = {isa = PBXBuildFile; fileRef = 709016561FBD416100D18745 /* MainViewController.m */; };
		7090165A1FBD416100D18745 /* Main.storyboard in Resources */ = {isa = PBXBuildFile; fileRef = 709016581FBD416100D18745 /* Main.storyboard */; };
		7090165C1FBD416100D18745 /* Assets.xcassets in Resources */ = {isa = PBXBuildFile; fileRef = 7090165B1FBD416100D18745 /* Assets.xcassets */; };
		7090165F1FBD416100D18745 /* LaunchScreen.storyboard in Resources */ = {isa = PBXBuildFile; fileRef = 7090165D1FBD416100D18745 /* LaunchScreen.storyboard */; };
		709016621FBD416100D18745 /* main.m in Sources */ = {isa = PBXBuildFile; fileRef = 709016611FBD416100D18745 /* main.m */; };
		7090166A1FBD41D500D18745 /* PlayViewController.m in Sources */ = {isa = PBXBuildFile; fileRef = 709016691FBD41D500D18745 /* PlayViewController.m */; };
		70B9C3291FD9189C00EB8333 /* SystemConfiguration.framework in Frameworks */ = {isa = PBXBuildFile; fileRef = 70B9C3281FD9189B00EB8333 /* SystemConfiguration.framework */; };
		70F0607E1FBD51F7001BD148 /* KeyCenter.m in Sources */ = {isa = PBXBuildFile; fileRef = 70F0607C1FBD51F7001BD148 /* KeyCenter.m */; };
		70F060831FBD63B1001BD148 /* AlertUtil.m in Sources */ = {isa = PBXBuildFile; fileRef = 70F060811FBD63B1001BD148 /* AlertUtil.m */; };
		70F060851FBD67E9001BD148 /* AgoraRtcEngineKit.framework in Frameworks */ = {isa = PBXBuildFile; fileRef = 70F060841FBD67E9001BD148 /* AgoraRtcEngineKit.framework */; };
		70F060871FBD67FD001BD148 /* VideoToolbox.framework in Frameworks */ = {isa = PBXBuildFile; fileRef = 70F060861FBD67F5001BD148 /* VideoToolbox.framework */; };
		70F060891FBD6809001BD148 /* AVFoundation.framework in Frameworks */ = {isa = PBXBuildFile; fileRef = 70F060881FBD6803001BD148 /* AVFoundation.framework */; };
		70F0608B1FBD6813001BD148 /* libc++.tbd in Frameworks */ = {isa = PBXBuildFile; fileRef = 70F0608A1FBD6813001BD148 /* libc++.tbd */; };
		70F0608D1FBD6819001BD148 /* libresolv.tbd in Frameworks */ = {isa = PBXBuildFile; fileRef = 70F0608C1FBD6819001BD148 /* libresolv.tbd */; };
		70F0608F1FBD682A001BD148 /* CoreTelephony.framework in Frameworks */ = {isa = PBXBuildFile; fileRef = 70F0608E1FBD6824001BD148 /* CoreTelephony.framework */; };
/* End PBXBuildFile section */

/* Begin PBXFileReference section */
		2431C93EDAF31FC7F6294502 /* Pods-Wawaji-Client-iOS.debug.xcconfig */ = {isa = PBXFileReference; includeInIndex = 1; lastKnownFileType = text.xcconfig; name = "Pods-Wawaji-Client-iOS.debug.xcconfig"; path = "Pods/Target Support Files/Pods-Wawaji-Client-iOS/Pods-Wawaji-Client-iOS.debug.xcconfig"; sourceTree = "<group>"; };
		707CB4A01FD2A13900A9DAA6 /* WawajiController.h */ = {isa = PBXFileReference; lastKnownFileType = sourcecode.c.h; path = WawajiController.h; sourceTree = "<group>"; };
		707CB4A11FD2A57200A9DAA6 /* ZinianWawajiController.h */ = {isa = PBXFileReference; fileEncoding = 4; lastKnownFileType = sourcecode.c.h; path = ZinianWawajiController.h; sourceTree = "<group>"; };
		707CB4A21FD2A5F700A9DAA6 /* ZinianWawajiController.m */ = {isa = PBXFileReference; fileEncoding = 4; lastKnownFileType = sourcecode.c.objc; path = ZinianWawajiController.m; sourceTree = "<group>"; };
		707CB4A41FD2A9FE00A9DAA6 /* LeyaoyaoWawajiController.h */ = {isa = PBXFileReference; fileEncoding = 4; lastKnownFileType = sourcecode.c.h; path = LeyaoyaoWawajiController.h; sourceTree = "<group>"; };
		707CB4A51FD2A9FE00A9DAA6 /* LeyaoyaoWawajiController.m */ = {isa = PBXFileReference; fileEncoding = 4; lastKnownFileType = sourcecode.c.objc; path = LeyaoyaoWawajiController.m; sourceTree = "<group>"; };
		707CB4A71FD2ABC600A9DAA6 /* WawajiControllerCreator.h */ = {isa = PBXFileReference; lastKnownFileType = sourcecode.c.h; path = WawajiControllerCreator.h; sourceTree = "<group>"; };
		707CB4A81FD2ABC600A9DAA6 /* WawajiControllerCreator.m */ = {isa = PBXFileReference; lastKnownFileType = sourcecode.c.objc; path = WawajiControllerCreator.m; sourceTree = "<group>"; };
		70840F021FC5AD0B00BCAB7D /* Base */ = {isa = PBXFileReference; lastKnownFileType = text.plist.strings; name = Base; path = Base.lproj/Localizable.strings; sourceTree = "<group>"; };
		7090164F1FBD416100D18745 /* Wawaji-Client-iOS.app */ = {isa = PBXFileReference; explicitFileType = wrapper.application; includeInIndex = 0; path = "Wawaji-Client-iOS.app"; sourceTree = BUILT_PRODUCTS_DIR; };
		709016521FBD416100D18745 /* AppDelegate.h */ = {isa = PBXFileReference; lastKnownFileType = sourcecode.c.h; path = AppDelegate.h; sourceTree = "<group>"; };
		709016531FBD416100D18745 /* AppDelegate.m */ = {isa = PBXFileReference; lastKnownFileType = sourcecode.c.objc; path = AppDelegate.m; sourceTree = "<group>"; };
		709016551FBD416100D18745 /* MainViewController.h */ = {isa = PBXFileReference; lastKnownFileType = sourcecode.c.h; path = MainViewController.h; sourceTree = "<group>"; };
		709016561FBD416100D18745 /* MainViewController.m */ = {isa = PBXFileReference; lastKnownFileType = sourcecode.c.objc; path = MainViewController.m; sourceTree = "<group>"; };
		709016591FBD416100D18745 /* Base */ = {isa = PBXFileReference; lastKnownFileType = file.storyboard; name = Base; path = Base.lproj/Main.storyboard; sourceTree = "<group>"; };
		7090165B1FBD416100D18745 /* Assets.xcassets */ = {isa = PBXFileReference; lastKnownFileType = folder.assetcatalog; path = Assets.xcassets; sourceTree = "<group>"; };
		7090165E1FBD416100D18745 /* Base */ = {isa = PBXFileReference; lastKnownFileType = file.storyboard; name = Base; path = Base.lproj/LaunchScreen.storyboard; sourceTree = "<group>"; };
		709016601FBD416100D18745 /* Info.plist */ = {isa = PBXFileReference; lastKnownFileType = text.plist.xml; path = Info.plist; sourceTree = "<group>"; };
		709016611FBD416100D18745 /* main.m */ = {isa = PBXFileReference; lastKnownFileType = sourcecode.c.objc; path = main.m; sourceTree = "<group>"; };
		709016681FBD41D500D18745 /* PlayViewController.h */ = {isa = PBXFileReference; lastKnownFileType = sourcecode.c.h; path = PlayViewController.h; sourceTree = "<group>"; };
		709016691FBD41D500D18745 /* PlayViewController.m */ = {isa = PBXFileReference; lastKnownFileType = sourcecode.c.objc; path = PlayViewController.m; sourceTree = "<group>"; };
		70B9C3281FD9189B00EB8333 /* SystemConfiguration.framework */ = {isa = PBXFileReference; lastKnownFileType = wrapper.framework; name = SystemConfiguration.framework; path = System/Library/Frameworks/SystemConfiguration.framework; sourceTree = SDKROOT; };
		70F0607B1FBD51F7001BD148 /* KeyCenter.h */ = {isa = PBXFileReference; fileEncoding = 4; lastKnownFileType = sourcecode.c.h; path = KeyCenter.h; sourceTree = "<group>"; };
		70F0607C1FBD51F7001BD148 /* KeyCenter.m */ = {isa = PBXFileReference; fileEncoding = 4; lastKnownFileType = sourcecode.c.objc; path = KeyCenter.m; sourceTree = "<group>"; };
		70F060811FBD63B1001BD148 /* AlertUtil.m */ = {isa = PBXFileReference; fileEncoding = 4; lastKnownFileType = sourcecode.c.objc; path = AlertUtil.m; sourceTree = "<group>"; };
		70F060821FBD63B1001BD148 /* AlertUtil.h */ = {isa = PBXFileReference; fileEncoding = 4; lastKnownFileType = sourcecode.c.h; path = AlertUtil.h; sourceTree = "<group>"; };
		70F060841FBD67E9001BD148 /* AgoraRtcEngineKit.framework */ = {isa = PBXFileReference; lastKnownFileType = wrapper.framework; path = AgoraRtcEngineKit.framework; sourceTree = "<group>"; };
		70F060861FBD67F5001BD148 /* VideoToolbox.framework */ = {isa = PBXFileReference; lastKnownFileType = wrapper.framework; name = VideoToolbox.framework; path = System/Library/Frameworks/VideoToolbox.framework; sourceTree = SDKROOT; };
		70F060881FBD6803001BD148 /* AVFoundation.framework */ = {isa = PBXFileReference; lastKnownFileType = wrapper.framework; name = AVFoundation.framework; path = System/Library/Frameworks/AVFoundation.framework; sourceTree = SDKROOT; };
		70F0608A1FBD6813001BD148 /* libc++.tbd */ = {isa = PBXFileReference; lastKnownFileType = "sourcecode.text-based-dylib-definition"; name = "libc++.tbd"; path = "usr/lib/libc++.tbd"; sourceTree = SDKROOT; };
		70F0608C1FBD6819001BD148 /* libresolv.tbd */ = {isa = PBXFileReference; lastKnownFileType = "sourcecode.text-based-dylib-definition"; name = libresolv.tbd; path = usr/lib/libresolv.tbd; sourceTree = SDKROOT; };
		70F0608E1FBD6824001BD148 /* CoreTelephony.framework */ = {isa = PBXFileReference; lastKnownFileType = wrapper.framework; name = CoreTelephony.framework; path = System/Library/Frameworks/CoreTelephony.framework; sourceTree = SDKROOT; };
		B061C0C246E8B6A3DD7515DF /* libPods-Wawaji-Client-iOS.a */ = {isa = PBXFileReference; explicitFileType = archive.ar; includeInIndex = 0; path = "libPods-Wawaji-Client-iOS.a"; sourceTree = BUILT_PRODUCTS_DIR; };
		E6BE3AC03425BD35037B5C1C /* Pods-Wawaji-Client-iOS.release.xcconfig */ = {isa = PBXFileReference; includeInIndex = 1; lastKnownFileType = text.xcconfig; name = "Pods-Wawaji-Client-iOS.release.xcconfig"; path = "Pods/Target Support Files/Pods-Wawaji-Client-iOS/Pods-Wawaji-Client-iOS.release.xcconfig"; sourceTree = "<group>"; };
/* End PBXFileReference section */

/* Begin PBXFrameworksBuildPhase section */
		7090164C1FBD416100D18745 /* Frameworks */ = {
			isa = PBXFrameworksBuildPhase;
			buildActionMask = 2147483647;
			files = (
				70B9C3291FD9189C00EB8333 /* SystemConfiguration.framework in Frameworks */,
				70F0608F1FBD682A001BD148 /* CoreTelephony.framework in Frameworks */,
				70F0608B1FBD6813001BD148 /* libc++.tbd in Frameworks */,
				70F060891FBD6809001BD148 /* AVFoundation.framework in Frameworks */,
				70F060871FBD67FD001BD148 /* VideoToolbox.framework in Frameworks */,
				70F0608D1FBD6819001BD148 /* libresolv.tbd in Frameworks */,
				70F060851FBD67E9001BD148 /* AgoraRtcEngineKit.framework in Frameworks */,
				2798A66EE3FCE7CC3059190F /* libPods-Wawaji-Client-iOS.a in Frameworks */,
			);
			runOnlyForDeploymentPostprocessing = 0;
		};
/* End PBXFrameworksBuildPhase section */

/* Begin PBXGroup section */
		709016461FBD416100D18745 = {
			isa = PBXGroup;
			children = (
				709016511FBD416100D18745 /* Wawaji-Client-iOS */,
				70F060791FBD51F7001BD148 /* KeyCenter */,
				709016501FBD416100D18745 /* Products */,
				861771E1F064879BBED81CCD /* Frameworks */,
				95C0938BBC6F1439910FF308 /* Pods */,
			);
			sourceTree = "<group>";
		};
		709016501FBD416100D18745 /* Products */ = {
			isa = PBXGroup;
			children = (
				7090164F1FBD416100D18745 /* Wawaji-Client-iOS.app */,
			);
			name = Products;
			sourceTree = "<group>";
		};
		709016511FBD416100D18745 /* Wawaji-Client-iOS */ = {
			isa = PBXGroup;
			children = (
				709016521FBD416100D18745 /* AppDelegate.h */,
				709016531FBD416100D18745 /* AppDelegate.m */,
				709016551FBD416100D18745 /* MainViewController.h */,
				709016561FBD416100D18745 /* MainViewController.m */,
				709016681FBD41D500D18745 /* PlayViewController.h */,
				709016691FBD41D500D18745 /* PlayViewController.m */,
				707CB4A01FD2A13900A9DAA6 /* WawajiController.h */,
				707CB4A71FD2ABC600A9DAA6 /* WawajiControllerCreator.h */,
				707CB4A81FD2ABC600A9DAA6 /* WawajiControllerCreator.m */,
				707CB4A41FD2A9FE00A9DAA6 /* LeyaoyaoWawajiController.h */,
				707CB4A51FD2A9FE00A9DAA6 /* LeyaoyaoWawajiController.m */,
				707CB4A11FD2A57200A9DAA6 /* ZinianWawajiController.h */,
				707CB4A21FD2A5F700A9DAA6 /* ZinianWawajiController.m */,
				70F060821FBD63B1001BD148 /* AlertUtil.h */,
				70F060811FBD63B1001BD148 /* AlertUtil.m */,
				709016581FBD416100D18745 /* Main.storyboard */,
				7090165B1FBD416100D18745 /* Assets.xcassets */,
				7090165D1FBD416100D18745 /* LaunchScreen.storyboard */,
				70840F011FC5AD0B00BCAB7D /* Localizable.strings */,
				709016601FBD416100D18745 /* Info.plist */,
				709016611FBD416100D18745 /* main.m */,
			);
			path = "Wawaji-Client-iOS";
			sourceTree = "<group>";
		};
		70F060791FBD51F7001BD148 /* KeyCenter */ = {
			isa = PBXGroup;
			children = (
				70F0607B1FBD51F7001BD148 /* KeyCenter.h */,
				70F0607C1FBD51F7001BD148 /* KeyCenter.m */,
			);
			path = KeyCenter;
			sourceTree = "<group>";
		};
		861771E1F064879BBED81CCD /* Frameworks */ = {
			isa = PBXGroup;
			children = (
				70B9C3281FD9189B00EB8333 /* SystemConfiguration.framework */,
				70F0608E1FBD6824001BD148 /* CoreTelephony.framework */,
				70F0608C1FBD6819001BD148 /* libresolv.tbd */,
				70F0608A1FBD6813001BD148 /* libc++.tbd */,
				70F060881FBD6803001BD148 /* AVFoundation.framework */,
				70F060861FBD67F5001BD148 /* VideoToolbox.framework */,
				70F060841FBD67E9001BD148 /* AgoraRtcEngineKit.framework */,
				B061C0C246E8B6A3DD7515DF /* libPods-Wawaji-Client-iOS.a */,
			);
			name = Frameworks;
			sourceTree = "<group>";
		};
		95C0938BBC6F1439910FF308 /* Pods */ = {
			isa = PBXGroup;
			children = (
				2431C93EDAF31FC7F6294502 /* Pods-Wawaji-Client-iOS.debug.xcconfig */,
				E6BE3AC03425BD35037B5C1C /* Pods-Wawaji-Client-iOS.release.xcconfig */,
			);
			name = Pods;
			sourceTree = "<group>";
		};
/* End PBXGroup section */

/* Begin PBXNativeTarget section */
		7090164E1FBD416100D18745 /* Wawaji-Client-iOS */ = {
			isa = PBXNativeTarget;
			buildConfigurationList = 709016651FBD416100D18745 /* Build configuration list for PBXNativeTarget "Wawaji-Client-iOS" */;
			buildPhases = (
				6E1C9A05F92C57BEC89DFAAA /* [CP] Check Pods Manifest.lock */,
				7090164B1FBD416100D18745 /* Sources */,
				7090164C1FBD416100D18745 /* Frameworks */,
				7090164D1FBD416100D18745 /* Resources */,
				9530967D923A3E72B74BB25E /* [CP] Embed Pods Frameworks */,
				3398D2B9E946215A5C51859B /* [CP] Copy Pods Resources */,
			);
			buildRules = (
			);
			dependencies = (
			);
			name = "Wawaji-Client-iOS";
			productName = "Wawaji-Client-iOS";
			productReference = 7090164F1FBD416100D18745 /* Wawaji-Client-iOS.app */;
			productType = "com.apple.product-type.application";
		};
/* End PBXNativeTarget section */

/* Begin PBXProject section */
		709016471FBD416100D18745 /* Project object */ = {
			isa = PBXProject;
			attributes = {
				LastUpgradeCheck = 0910;
				ORGANIZATIONNAME = Agora;
				TargetAttributes = {
					7090164E1FBD416100D18745 = {
						CreatedOnToolsVersion = 9.1;
						ProvisioningStyle = Manual;
					};
				};
			};
			buildConfigurationList = 7090164A1FBD416100D18745 /* Build configuration list for PBXProject "Wawaji-Client-iOS" */;
			compatibilityVersion = "Xcode 8.0";
			developmentRegion = en;
			hasScannedForEncodings = 0;
			knownRegions = (
				en,
				Base,
			);
			mainGroup = 709016461FBD416100D18745;
			productRefGroup = 709016501FBD416100D18745 /* Products */;
			projectDirPath = "";
			projectRoot = "";
			targets = (
				7090164E1FBD416100D18745 /* Wawaji-Client-iOS */,
			);
		};
/* End PBXProject section */

/* Begin PBXResourcesBuildPhase section */
		7090164D1FBD416100D18745 /* Resources */ = {
			isa = PBXResourcesBuildPhase;
			buildActionMask = 2147483647;
			files = (
				7090165F1FBD416100D18745 /* LaunchScreen.storyboard in Resources */,
				70840F031FC5AD0B00BCAB7D /* Localizable.strings in Resources */,
				7090165C1FBD416100D18745 /* Assets.xcassets in Resources */,
				7090165A1FBD416100D18745 /* Main.storyboard in Resources */,
			);
			runOnlyForDeploymentPostprocessing = 0;
		};
/* End PBXResourcesBuildPhase section */

/* Begin PBXShellScriptBuildPhase section */
		3398D2B9E946215A5C51859B /* [CP] Copy Pods Resources */ = {
			isa = PBXShellScriptBuildPhase;
			buildActionMask = 2147483647;
			files = (
			);
			inputPaths = (
			);
			name = "[CP] Copy Pods Resources";
			outputPaths = (
			);
			runOnlyForDeploymentPostprocessing = 0;
			shellPath = /bin/sh;
			shellScript = "\"${SRCROOT}/Pods/Target Support Files/Pods-Wawaji-Client-iOS/Pods-Wawaji-Client-iOS-resources.sh\"\n";
			showEnvVarsInLog = 0;
		};
		6E1C9A05F92C57BEC89DFAAA /* [CP] Check Pods Manifest.lock */ = {
			isa = PBXShellScriptBuildPhase;
			buildActionMask = 2147483647;
			files = (
			);
			inputPaths = (
				"${PODS_PODFILE_DIR_PATH}/Podfile.lock",
				"${PODS_ROOT}/Manifest.lock",
			);
			name = "[CP] Check Pods Manifest.lock";
			outputPaths = (
				"$(DERIVED_FILE_DIR)/Pods-Wawaji-Client-iOS-checkManifestLockResult.txt",
			);
			runOnlyForDeploymentPostprocessing = 0;
			shellPath = /bin/sh;
			shellScript = "diff \"${PODS_PODFILE_DIR_PATH}/Podfile.lock\" \"${PODS_ROOT}/Manifest.lock\" > /dev/null\nif [ $? != 0 ] ; then\n    # print error to STDERR\n    echo \"error: The sandbox is not in sync with the Podfile.lock. Run 'pod install' or update your CocoaPods installation.\" >&2\n    exit 1\nfi\n# This output is used by Xcode 'outputs' to avoid re-running this script phase.\necho \"SUCCESS\" > \"${SCRIPT_OUTPUT_FILE_0}\"\n";
			showEnvVarsInLog = 0;
		};
		9530967D923A3E72B74BB25E /* [CP] Embed Pods Frameworks */ = {
			isa = PBXShellScriptBuildPhase;
			buildActionMask = 2147483647;
			files = (
			);
			inputPaths = (
			);
			name = "[CP] Embed Pods Frameworks";
			outputPaths = (
			);
			runOnlyForDeploymentPostprocessing = 0;
			shellPath = /bin/sh;
			shellScript = "\"${SRCROOT}/Pods/Target Support Files/Pods-Wawaji-Client-iOS/Pods-Wawaji-Client-iOS-frameworks.sh\"\n";
			showEnvVarsInLog = 0;
		};
/* End PBXShellScriptBuildPhase section */

/* Begin PBXSourcesBuildPhase section */
		7090164B1FBD416100D18745 /* Sources */ = {
			isa = PBXSourcesBuildPhase;
			buildActionMask = 2147483647;
			files = (
				70F0607E1FBD51F7001BD148 /* KeyCenter.m in Sources */,
				7090166A1FBD41D500D18745 /* PlayViewController.m in Sources */,
				709016571FBD416100D18745 /* MainViewController.m in Sources */,
				70F060831FBD63B1001BD148 /* AlertUtil.m in Sources */,
				709016621FBD416100D18745 /* main.m in Sources */,
				707CB4A91FD2ABC600A9DAA6 /* WawajiControllerCreator.m in Sources */,
				709016541FBD416100D18745 /* AppDelegate.m in Sources */,
				707CB4A31FD2A5F700A9DAA6 /* ZinianWawajiController.m in Sources */,
				707CB4A61FD2A9FE00A9DAA6 /* LeyaoyaoWawajiController.m in Sources */,
			);
			runOnlyForDeploymentPostprocessing = 0;
		};
/* End PBXSourcesBuildPhase section */

/* Begin PBXVariantGroup section */
		70840F011FC5AD0B00BCAB7D /* Localizable.strings */ = {
			isa = PBXVariantGroup;
			children = (
				70840F021FC5AD0B00BCAB7D /* Base */,
			);
			name = Localizable.strings;
			sourceTree = "<group>";
		};
		709016581FBD416100D18745 /* Main.storyboard */ = {
			isa = PBXVariantGroup;
			children = (
				709016591FBD416100D18745 /* Base */,
			);
			name = Main.storyboard;
			sourceTree = "<group>";
		};
		7090165D1FBD416100D18745 /* LaunchScreen.storyboard */ = {
			isa = PBXVariantGroup;
			children = (
				7090165E1FBD416100D18745 /* Base */,
			);
			name = LaunchScreen.storyboard;
			sourceTree = "<group>";
		};
/* End PBXVariantGroup section */

/* Begin XCBuildConfiguration section */
		709016631FBD416100D18745 /* Debug */ = {
			isa = XCBuildConfiguration;
			buildSettings = {
				ALWAYS_SEARCH_USER_PATHS = NO;
				CLANG_ANALYZER_NONNULL = YES;
				CLANG_ANALYZER_NUMBER_OBJECT_CONVERSION = YES_AGGRESSIVE;
				CLANG_CXX_LANGUAGE_STANDARD = "gnu++14";
				CLANG_CXX_LIBRARY = "libc++";
				CLANG_ENABLE_MODULES = YES;
				CLANG_ENABLE_OBJC_ARC = YES;
				CLANG_WARN_BLOCK_CAPTURE_AUTORELEASING = YES;
				CLANG_WARN_BOOL_CONVERSION = YES;
				CLANG_WARN_COMMA = YES;
				CLANG_WARN_CONSTANT_CONVERSION = YES;
				CLANG_WARN_DIRECT_OBJC_ISA_USAGE = YES_ERROR;
				CLANG_WARN_DOCUMENTATION_COMMENTS = YES;
				CLANG_WARN_EMPTY_BODY = YES;
				CLANG_WARN_ENUM_CONVERSION = YES;
				CLANG_WARN_INFINITE_RECURSION = YES;
				CLANG_WARN_INT_CONVERSION = YES;
				CLANG_WARN_NON_LITERAL_NULL_CONVERSION = YES;
				CLANG_WARN_OBJC_LITERAL_CONVERSION = YES;
				CLANG_WARN_OBJC_ROOT_CLASS = YES_ERROR;
				CLANG_WARN_RANGE_LOOP_ANALYSIS = YES;
				CLANG_WARN_STRICT_PROTOTYPES = YES;
				CLANG_WARN_SUSPICIOUS_MOVE = YES;
				CLANG_WARN_UNGUARDED_AVAILABILITY = YES_AGGRESSIVE;
				CLANG_WARN_UNREACHABLE_CODE = YES;
				CLANG_WARN__DUPLICATE_METHOD_MATCH = YES;
				CODE_SIGN_IDENTITY = "iPhone Developer";
				COPY_PHASE_STRIP = NO;
				DEBUG_INFORMATION_FORMAT = dwarf;
				ENABLE_STRICT_OBJC_MSGSEND = YES;
				ENABLE_TESTABILITY = YES;
				GCC_C_LANGUAGE_STANDARD = gnu11;
				GCC_DYNAMIC_NO_PIC = NO;
				GCC_NO_COMMON_BLOCKS = YES;
				GCC_OPTIMIZATION_LEVEL = 0;
				GCC_PREPROCESSOR_DEFINITIONS = (
					"DEBUG=1",
					"$(inherited)",
				);
				GCC_WARN_64_TO_32_BIT_CONVERSION = YES;
				GCC_WARN_ABOUT_RETURN_TYPE = YES_ERROR;
				GCC_WARN_UNDECLARED_SELECTOR = YES;
				GCC_WARN_UNINITIALIZED_AUTOS = YES_AGGRESSIVE;
				GCC_WARN_UNUSED_FUNCTION = YES;
				GCC_WARN_UNUSED_VARIABLE = YES;
				IPHONEOS_DEPLOYMENT_TARGET = 11.1;
				MTL_ENABLE_DEBUG_INFO = YES;
				ONLY_ACTIVE_ARCH = YES;
				SDKROOT = iphoneos;
			};
			name = Debug;
		};
		709016641FBD416100D18745 /* Release */ = {
			isa = XCBuildConfiguration;
			buildSettings = {
				ALWAYS_SEARCH_USER_PATHS = NO;
				CLANG_ANALYZER_NONNULL = YES;
				CLANG_ANALYZER_NUMBER_OBJECT_CONVERSION = YES_AGGRESSIVE;
				CLANG_CXX_LANGUAGE_STANDARD = "gnu++14";
				CLANG_CXX_LIBRARY = "libc++";
				CLANG_ENABLE_MODULES = YES;
				CLANG_ENABLE_OBJC_ARC = YES;
				CLANG_WARN_BLOCK_CAPTURE_AUTORELEASING = YES;
				CLANG_WARN_BOOL_CONVERSION = YES;
				CLANG_WARN_COMMA = YES;
				CLANG_WARN_CONSTANT_CONVERSION = YES;
				CLANG_WARN_DIRECT_OBJC_ISA_USAGE = YES_ERROR;
				CLANG_WARN_DOCUMENTATION_COMMENTS = YES;
				CLANG_WARN_EMPTY_BODY = YES;
				CLANG_WARN_ENUM_CONVERSION = YES;
				CLANG_WARN_INFINITE_RECURSION = YES;
				CLANG_WARN_INT_CONVERSION = YES;
				CLANG_WARN_NON_LITERAL_NULL_CONVERSION = YES;
				CLANG_WARN_OBJC_LITERAL_CONVERSION = YES;
				CLANG_WARN_OBJC_ROOT_CLASS = YES_ERROR;
				CLANG_WARN_RANGE_LOOP_ANALYSIS = YES;
				CLANG_WARN_STRICT_PROTOTYPES = YES;
				CLANG_WARN_SUSPICIOUS_MOVE = YES;
				CLANG_WARN_UNGUARDED_AVAILABILITY = YES_AGGRESSIVE;
				CLANG_WARN_UNREACHABLE_CODE = YES;
				CLANG_WARN__DUPLICATE_METHOD_MATCH = YES;
				CODE_SIGN_IDENTITY = "iPhone Developer";
				COPY_PHASE_STRIP = NO;
				DEBUG_INFORMATION_FORMAT = "dwarf-with-dsym";
				ENABLE_NS_ASSERTIONS = NO;
				ENABLE_STRICT_OBJC_MSGSEND = YES;
				GCC_C_LANGUAGE_STANDARD = gnu11;
				GCC_NO_COMMON_BLOCKS = YES;
				GCC_WARN_64_TO_32_BIT_CONVERSION = YES;
				GCC_WARN_ABOUT_RETURN_TYPE = YES_ERROR;
				GCC_WARN_UNDECLARED_SELECTOR = YES;
				GCC_WARN_UNINITIALIZED_AUTOS = YES_AGGRESSIVE;
				GCC_WARN_UNUSED_FUNCTION = YES;
				GCC_WARN_UNUSED_VARIABLE = YES;
				IPHONEOS_DEPLOYMENT_TARGET = 11.1;
				MTL_ENABLE_DEBUG_INFO = NO;
				SDKROOT = iphoneos;
				VALIDATE_PRODUCT = YES;
			};
			name = Release;
		};
		70F060901FBD9661001BD148 /* Debug */ = {
			isa = XCBuildConfiguration;
			baseConfigurationReference = 2431C93EDAF31FC7F6294502 /* Pods-Wawaji-Client-iOS.debug.xcconfig */;
			buildSettings = {
				CODE_SIGN_STYLE = Manual;
				COPY_PHASE_STRIP = NO;
				DEVELOPMENT_TEAM = 48TB6ZZL5S;
				ENABLE_BITCODE = NO;
				FRAMEWORK_SEARCH_PATHS = (
					"$(inherited)",
					"$(PROJECT_DIR)",
				);
				GCC_DYNAMIC_NO_PIC = NO;
				GCC_OPTIMIZATION_LEVEL = 0;
				INFOPLIST_FILE = "$(SRCROOT)/Wawaji-Client-iOS/Info.plist";
				IPHONEOS_DEPLOYMENT_TARGET = 9.0;
				PRODUCT_BUNDLE_IDENTIFIER = "io.agora.Wawaji-Client-iOS";
				PRODUCT_NAME = "Wawaji-Client-iOS";
				PROVISIONING_PROFILE = "dc253ab3-71e4-40a3-a57c-a3a763407202";
				PROVISIONING_PROFILE_SPECIFIER = AgoraIODev2017;
			};
			name = Debug;
		};
		70F060911FBD9661001BD148 /* Release */ = {
			isa = XCBuildConfiguration;
			baseConfigurationReference = E6BE3AC03425BD35037B5C1C /* Pods-Wawaji-Client-iOS.release.xcconfig */;
			buildSettings = {
				CODE_SIGN_STYLE = Manual;
				COPY_PHASE_STRIP = YES;
				DEBUG_INFORMATION_FORMAT = "dwarf-with-dsym";
				DEVELOPMENT_TEAM = 48TB6ZZL5S;
				ENABLE_BITCODE = NO;
				FRAMEWORK_SEARCH_PATHS = (
					"$(inherited)",
					"$(PROJECT_DIR)",
				);
				INFOPLIST_FILE = "$(SRCROOT)/Wawaji-Client-iOS/Info.plist";
				IPHONEOS_DEPLOYMENT_TARGET = 9.0;
				PRODUCT_BUNDLE_IDENTIFIER = "io.agora.Wawaji-Client-iOS";
				PRODUCT_NAME = "Wawaji-Client-iOS";
				PROVISIONING_PROFILE = "dc253ab3-71e4-40a3-a57c-a3a763407202";
				PROVISIONING_PROFILE_SPECIFIER = AgoraIODev2017;
			};
			name = Release;
		};
/* End XCBuildConfiguration section */

/* Begin XCConfigurationList section */
		7090164A1FBD416100D18745 /* Build configuration list for PBXProject "Wawaji-Client-iOS" */ = {
			isa = XCConfigurationList;
			buildConfigurations = (
				709016631FBD416100D18745 /* Debug */,
				709016641FBD416100D18745 /* Release */,
			);
			defaultConfigurationIsVisible = 0;
			defaultConfigurationName = Release;
		};
		709016651FBD416100D18745 /* Build configuration list for PBXNativeTarget "Wawaji-Client-iOS" */ = {
			isa = XCConfigurationList;
			buildConfigurations = (
				70F060901FBD9661001BD148 /* Debug */,
				70F060911FBD9661001BD148 /* Release */,
			);
			defaultConfigurationIsVisible = 0;
			defaultConfigurationName = Release;
		};
/* End XCConfigurationList section */
	};
	rootObject = 709016471FBD416100D18745 /* Project object */;
}
