// !$*UTF8*$!
{
	archiveVersion = 1;
	classes = {
	};
	objectVersion = 48;
	objects = {

/* Begin PBXBuildFile section */
		707336681FC53AEA005844ED /* AppDelegate.swift in Sources */ = {isa = PBXBuildFile; fileRef = 707336671FC53AEA005844ED /* AppDelegate.swift */; };
		7073366A1FC53AEA005844ED /* MainViewController.swift in Sources */ = {isa = PBXBuildFile; fileRef = 707336691FC53AEA005844ED /* MainViewController.swift */; };
		7073366D1FC53AEA005844ED /* Main.storyboard in Resources */ = {isa = PBXBuildFile; fileRef = 7073366B1FC53AEA005844ED /* Main.storyboard */; };
		7073366F1FC53AEB005844ED /* Assets.xcassets in Resources */ = {isa = PBXBuildFile; fileRef = 7073366E1FC53AEB005844ED /* Assets.xcassets */; };
		707336721FC53AEB005844ED /* LaunchScreen.storyboard in Resources */ = {isa = PBXBuildFile; fileRef = 707336701FC53AEB005844ED /* LaunchScreen.storyboard */; };
		7073367A1FC53C7C005844ED /* PlayViewController.swift in Sources */ = {isa = PBXBuildFile; fileRef = 707336791FC53C7C005844ED /* PlayViewController.swift */; };
		707336801FC54597005844ED /* AgoraRtcEngineKit.framework in Frameworks */ = {isa = PBXBuildFile; fileRef = 7073367E1FC54597005844ED /* AgoraRtcEngineKit.framework */; };
		707336841FC54B06005844ED /* Localizable.strings in Resources */ = {isa = PBXBuildFile; fileRef = 707336821FC54B06005844ED /* Localizable.strings */; };
		707336861FC54E37005844ED /* KeyCenter.swift in Sources */ = {isa = PBXBuildFile; fileRef = 707336851FC54E37005844ED /* KeyCenter.swift */; };
		7073368A1FC555FD005844ED /* libresolv.tbd in Frameworks */ = {isa = PBXBuildFile; fileRef = 707336891FC555FD005844ED /* libresolv.tbd */; };
		7073368C1FC55603005844ED /* libc++.tbd in Frameworks */ = {isa = PBXBuildFile; fileRef = 7073368B1FC55603005844ED /* libc++.tbd */; };
		7073368E1FC5561F005844ED /* VideoToolbox.framework in Frameworks */ = {isa = PBXBuildFile; fileRef = 7073368D1FC55617005844ED /* VideoToolbox.framework */; };
		707336901FC557C6005844ED /* AVFoundation.framework in Frameworks */ = {isa = PBXBuildFile; fileRef = 7073368F1FC557BE005844ED /* AVFoundation.framework */; };
		707336921FC557DB005844ED /* CoreTelephony.framework in Frameworks */ = {isa = PBXBuildFile; fileRef = 707336911FC557D5005844ED /* CoreTelephony.framework */; };
/* End PBXBuildFile section */

/* Begin PBXFileReference section */
		707336641FC53AEA005844ED /* Wawaji-Client.app */ = {isa = PBXFileReference; explicitFileType = wrapper.application; includeInIndex = 0; path = "Wawaji-Client.app"; sourceTree = BUILT_PRODUCTS_DIR; };
		707336671FC53AEA005844ED /* AppDelegate.swift */ = {isa = PBXFileReference; lastKnownFileType = sourcecode.swift; path = AppDelegate.swift; sourceTree = "<group>"; };
		707336691FC53AEA005844ED /* MainViewController.swift */ = {isa = PBXFileReference; lastKnownFileType = sourcecode.swift; path = MainViewController.swift; sourceTree = "<group>"; };
		7073366C1FC53AEA005844ED /* Base */ = {isa = PBXFileReference; lastKnownFileType = file.storyboard; name = Base; path = Base.lproj/Main.storyboard; sourceTree = "<group>"; };
		7073366E1FC53AEB005844ED /* Assets.xcassets */ = {isa = PBXFileReference; lastKnownFileType = folder.assetcatalog; path = Assets.xcassets; sourceTree = "<group>"; };
		707336711FC53AEB005844ED /* Base */ = {isa = PBXFileReference; lastKnownFileType = file.storyboard; name = Base; path = Base.lproj/LaunchScreen.storyboard; sourceTree = "<group>"; };
		707336731FC53AEB005844ED /* Info.plist */ = {isa = PBXFileReference; lastKnownFileType = text.plist.xml; path = Info.plist; sourceTree = "<group>"; };
		707336791FC53C7C005844ED /* PlayViewController.swift */ = {isa = PBXFileReference; fileEncoding = 4; lastKnownFileType = sourcecode.swift; path = PlayViewController.swift; sourceTree = "<group>"; };
		7073367E1FC54597005844ED /* AgoraRtcEngineKit.framework */ = {isa = PBXFileReference; lastKnownFileType = wrapper.framework; path = AgoraRtcEngineKit.framework; sourceTree = "<group>"; };
		707336831FC54B06005844ED /* Base */ = {isa = PBXFileReference; lastKnownFileType = text.plist.strings; name = Base; path = Base.lproj/Localizable.strings; sourceTree = "<group>"; };
		707336851FC54E37005844ED /* KeyCenter.swift */ = {isa = PBXFileReference; fileEncoding = 4; lastKnownFileType = sourcecode.swift; path = KeyCenter.swift; sourceTree = "<group>"; };
		707336891FC555FD005844ED /* libresolv.tbd */ = {isa = PBXFileReference; lastKnownFileType = "sourcecode.text-based-dylib-definition"; name = libresolv.tbd; path = usr/lib/libresolv.tbd; sourceTree = SDKROOT; };
		7073368B1FC55603005844ED /* libc++.tbd */ = {isa = PBXFileReference; lastKnownFileType = "sourcecode.text-based-dylib-definition"; name = "libc++.tbd"; path = "usr/lib/libc++.tbd"; sourceTree = SDKROOT; };
		7073368D1FC55617005844ED /* VideoToolbox.framework */ = {isa = PBXFileReference; lastKnownFileType = wrapper.framework; name = VideoToolbox.framework; path = System/Library/Frameworks/VideoToolbox.framework; sourceTree = SDKROOT; };
		7073368F1FC557BE005844ED /* AVFoundation.framework */ = {isa = PBXFileReference; lastKnownFileType = wrapper.framework; name = AVFoundation.framework; path = System/Library/Frameworks/AVFoundation.framework; sourceTree = SDKROOT; };
		707336911FC557D5005844ED /* CoreTelephony.framework */ = {isa = PBXFileReference; lastKnownFileType = wrapper.framework; name = CoreTelephony.framework; path = System/Library/Frameworks/CoreTelephony.framework; sourceTree = SDKROOT; };
/* End PBXFileReference section */

/* Begin PBXFrameworksBuildPhase section */
		707336611FC53AEA005844ED /* Frameworks */ = {
			isa = PBXFrameworksBuildPhase;
			buildActionMask = 2147483647;
			files = (
				707336921FC557DB005844ED /* CoreTelephony.framework in Frameworks */,
				707336901FC557C6005844ED /* AVFoundation.framework in Frameworks */,
				7073368E1FC5561F005844ED /* VideoToolbox.framework in Frameworks */,
				707336801FC54597005844ED /* AgoraRtcEngineKit.framework in Frameworks */,
				7073368C1FC55603005844ED /* libc++.tbd in Frameworks */,
				7073368A1FC555FD005844ED /* libresolv.tbd in Frameworks */,
			);
			runOnlyForDeploymentPostprocessing = 0;
		};
/* End PBXFrameworksBuildPhase section */

/* Begin PBXGroup section */
		1DBEB85AF8E7A1056D5A8E2B /* Frameworks */ = {
			isa = PBXGroup;
			children = (
				707336911FC557D5005844ED /* CoreTelephony.framework */,
				7073368F1FC557BE005844ED /* AVFoundation.framework */,
				7073368D1FC55617005844ED /* VideoToolbox.framework */,
				7073368B1FC55603005844ED /* libc++.tbd */,
				707336891FC555FD005844ED /* libresolv.tbd */,
				7073367E1FC54597005844ED /* AgoraRtcEngineKit.framework */,
			);
			name = Frameworks;
			sourceTree = "<group>";
		};
		7073365B1FC53AEA005844ED = {
			isa = PBXGroup;
			children = (
				707336661FC53AEA005844ED /* Wawaji-Client */,
				707336651FC53AEA005844ED /* Products */,
				1DBEB85AF8E7A1056D5A8E2B /* Frameworks */,
			);
			sourceTree = "<group>";
		};
		707336651FC53AEA005844ED /* Products */ = {
			isa = PBXGroup;
			children = (
				707336641FC53AEA005844ED /* Wawaji-Client.app */,
			);
			name = Products;
			sourceTree = "<group>";
		};
		707336661FC53AEA005844ED /* Wawaji-Client */ = {
			isa = PBXGroup;
			children = (
				707336671FC53AEA005844ED /* AppDelegate.swift */,
				707336691FC53AEA005844ED /* MainViewController.swift */,
				707336791FC53C7C005844ED /* PlayViewController.swift */,
				707336851FC54E37005844ED /* KeyCenter.swift */,
				7073366B1FC53AEA005844ED /* Main.storyboard */,
				7073366E1FC53AEB005844ED /* Assets.xcassets */,
				707336701FC53AEB005844ED /* LaunchScreen.storyboard */,
				707336731FC53AEB005844ED /* Info.plist */,
				707336821FC54B06005844ED /* Localizable.strings */,
			);
			path = "Wawaji-Client";
			sourceTree = "<group>";
		};
/* End PBXGroup section */

/* Begin PBXNativeTarget section */
		707336631FC53AEA005844ED /* Wawaji-Client */ = {
			isa = PBXNativeTarget;
			buildConfigurationList = 707336761FC53AEB005844ED /* Build configuration list for PBXNativeTarget "Wawaji-Client" */;
			buildPhases = (
				707336601FC53AEA005844ED /* Sources */,
				707336611FC53AEA005844ED /* Frameworks */,
				707336621FC53AEA005844ED /* Resources */,
			);
			buildRules = (
			);
			dependencies = (
			);
			name = "Wawaji-Client";
			productName = "Wawaji-Client";
			productReference = 707336641FC53AEA005844ED /* Wawaji-Client.app */;
			productType = "com.apple.product-type.application";
		};
/* End PBXNativeTarget section */

/* Begin PBXProject section */
		7073365C1FC53AEA005844ED /* Project object */ = {
			isa = PBXProject;
			attributes = {
				LastSwiftUpdateCheck = 0910;
				LastUpgradeCheck = 0910;
				ORGANIZATIONNAME = Agora;
				TargetAttributes = {
					707336631FC53AEA005844ED = {
						CreatedOnToolsVersion = 9.1;
						LastSwiftMigration = 0910;
						ProvisioningStyle = Manual;
					};
				};
			};
			buildConfigurationList = 7073365F1FC53AEA005844ED /* Build configuration list for PBXProject "Wawaji-Client" */;
			compatibilityVersion = "Xcode 8.0";
			developmentRegion = en;
			hasScannedForEncodings = 0;
			knownRegions = (
				en,
				Base,
			);
			mainGroup = 7073365B1FC53AEA005844ED;
			productRefGroup = 707336651FC53AEA005844ED /* Products */;
			projectDirPath = "";
			projectRoot = "";
			targets = (
				707336631FC53AEA005844ED /* Wawaji-Client */,
			);
		};
/* End PBXProject section */

/* Begin PBXResourcesBuildPhase section */
		707336621FC53AEA005844ED /* Resources */ = {
			isa = PBXResourcesBuildPhase;
			buildActionMask = 2147483647;
			files = (
				707336721FC53AEB005844ED /* LaunchScreen.storyboard in Resources */,
				707336841FC54B06005844ED /* Localizable.strings in Resources */,
				7073366F1FC53AEB005844ED /* Assets.xcassets in Resources */,
				7073366D1FC53AEA005844ED /* Main.storyboard in Resources */,
			);
			runOnlyForDeploymentPostprocessing = 0;
		};
/* End PBXResourcesBuildPhase section */

/* Begin PBXSourcesBuildPhase section */
		707336601FC53AEA005844ED /* Sources */ = {
			isa = PBXSourcesBuildPhase;
			buildActionMask = 2147483647;
			files = (
				707336861FC54E37005844ED /* KeyCenter.swift in Sources */,
				7073366A1FC53AEA005844ED /* MainViewController.swift in Sources */,
				7073367A1FC53C7C005844ED /* PlayViewController.swift in Sources */,
				707336681FC53AEA005844ED /* AppDelegate.swift in Sources */,
			);
			runOnlyForDeploymentPostprocessing = 0;
		};
/* End PBXSourcesBuildPhase section */

/* Begin PBXVariantGroup section */
		7073366B1FC53AEA005844ED /* Main.storyboard */ = {
			isa = PBXVariantGroup;
			children = (
				7073366C1FC53AEA005844ED /* Base */,
			);
			name = Main.storyboard;
			sourceTree = "<group>";
		};
		707336701FC53AEB005844ED /* LaunchScreen.storyboard */ = {
			isa = PBXVariantGroup;
			children = (
				707336711FC53AEB005844ED /* Base */,
			);
			name = LaunchScreen.storyboard;
			sourceTree = "<group>";
		};
		707336821FC54B06005844ED /* Localizable.strings */ = {
			isa = PBXVariantGroup;
			children = (
				707336831FC54B06005844ED /* Base */,
			);
			name = Localizable.strings;
			sourceTree = "<group>";
		};
/* End PBXVariantGroup section */

/* Begin XCBuildConfiguration section */
		707336741FC53AEB005844ED /* Debug */ = {
			isa = XCBuildConfiguration;
			buildSettings = {
				ALWAYS_SEARCH_USER_PATHS = NO;
				CLANG_ANALYZER_NONNULL = YES;
				CLANG_ANALYZER_NUMBER_OBJECT_CONVERSION = YES_AGGRESSIVE;
				CLANG_CXX_LANGUAGE_STANDARD = "gnu++14";
				CLANG_CXX_LIBRARY = "libc++";
				CLANG_ENABLE_MODULES = YES;
				CLANG_ENABLE_OBJC_ARC = YES;
				CLANG_WARN_BLOCK_CAPTURE_AUTORELEASING = YES;
				CLANG_WARN_BOOL_CONVERSION = YES;
				CLANG_WARN_COMMA = YES;
				CLANG_WARN_CONSTANT_CONVERSION = YES;
				CLANG_WARN_DIRECT_OBJC_ISA_USAGE = YES_ERROR;
				CLANG_WARN_DOCUMENTATION_COMMENTS = YES;
				CLANG_WARN_EMPTY_BODY = YES;
				CLANG_WARN_ENUM_CONVERSION = YES;
				CLANG_WARN_INFINITE_RECURSION = YES;
				CLANG_WARN_INT_CONVERSION = YES;
				CLANG_WARN_NON_LITERAL_NULL_CONVERSION = YES;
				CLANG_WARN_OBJC_LITERAL_CONVERSION = YES;
				CLANG_WARN_OBJC_ROOT_CLASS = YES_ERROR;
				CLANG_WARN_RANGE_LOOP_ANALYSIS = YES;
				CLANG_WARN_STRICT_PROTOTYPES = YES;
				CLANG_WARN_SUSPICIOUS_MOVE = YES;
				CLANG_WARN_UNGUARDED_AVAILABILITY = YES_AGGRESSIVE;
				CLANG_WARN_UNREACHABLE_CODE = YES;
				CLANG_WARN__DUPLICATE_METHOD_MATCH = YES;
				CODE_SIGN_IDENTITY = "iPhone Developer";
				COPY_PHASE_STRIP = NO;
				DEBUG_INFORMATION_FORMAT = dwarf;
				ENABLE_STRICT_OBJC_MSGSEND = YES;
				ENABLE_TESTABILITY = YES;
				GCC_C_LANGUAGE_STANDARD = gnu11;
				GCC_DYNAMIC_NO_PIC = NO;
				GCC_NO_COMMON_BLOCKS = YES;
				GCC_OPTIMIZATION_LEVEL = 0;
				GCC_PREPROCESSOR_DEFINITIONS = (
					"DEBUG=1",
					"$(inherited)",
				);
				GCC_WARN_64_TO_32_BIT_CONVERSION = YES;
				GCC_WARN_ABOUT_RETURN_TYPE = YES_ERROR;
				GCC_WARN_UNDECLARED_SELECTOR = YES;
				GCC_WARN_UNINITIALIZED_AUTOS = YES_AGGRESSIVE;
				GCC_WARN_UNUSED_FUNCTION = YES;
				GCC_WARN_UNUSED_VARIABLE = YES;
				IPHONEOS_DEPLOYMENT_TARGET = 11.1;
				MTL_ENABLE_DEBUG_INFO = YES;
				ONLY_ACTIVE_ARCH = YES;
				SDKROOT = iphoneos;
				SWIFT_ACTIVE_COMPILATION_CONDITIONS = DEBUG;
				SWIFT_OPTIMIZATION_LEVEL = "-Onone";
			};
			name = Debug;
		};
		707336751FC53AEB005844ED /* Release */ = {
			isa = XCBuildConfiguration;
			buildSettings = {
				ALWAYS_SEARCH_USER_PATHS = NO;
				CLANG_ANALYZER_NONNULL = YES;
				CLANG_ANALYZER_NUMBER_OBJECT_CONVERSION = YES_AGGRESSIVE;
				CLANG_CXX_LANGUAGE_STANDARD = "gnu++14";
				CLANG_CXX_LIBRARY = "libc++";
				CLANG_ENABLE_MODULES = YES;
				CLANG_ENABLE_OBJC_ARC = YES;
				CLANG_WARN_BLOCK_CAPTURE_AUTORELEASING = YES;
				CLANG_WARN_BOOL_CONVERSION = YES;
				CLANG_WARN_COMMA = YES;
				CLANG_WARN_CONSTANT_CONVERSION = YES;
				CLANG_WARN_DIRECT_OBJC_ISA_USAGE = YES_ERROR;
				CLANG_WARN_DOCUMENTATION_COMMENTS = YES;
				CLANG_WARN_EMPTY_BODY = YES;
				CLANG_WARN_ENUM_CONVERSION = YES;
				CLANG_WARN_INFINITE_RECURSION = YES;
				CLANG_WARN_INT_CONVERSION = YES;
				CLANG_WARN_NON_LITERAL_NULL_CONVERSION = YES;
				CLANG_WARN_OBJC_LITERAL_CONVERSION = YES;
				CLANG_WARN_OBJC_ROOT_CLASS = YES_ERROR;
				CLANG_WARN_RANGE_LOOP_ANALYSIS = YES;
				CLANG_WARN_STRICT_PROTOTYPES = YES;
				CLANG_WARN_SUSPICIOUS_MOVE = YES;
				CLANG_WARN_UNGUARDED_AVAILABILITY = YES_AGGRESSIVE;
				CLANG_WARN_UNREACHABLE_CODE = YES;
				CLANG_WARN__DUPLICATE_METHOD_MATCH = YES;
				CODE_SIGN_IDENTITY = "iPhone Developer";
				COPY_PHASE_STRIP = NO;
				DEBUG_INFORMATION_FORMAT = "dwarf-with-dsym";
				ENABLE_NS_ASSERTIONS = NO;
				ENABLE_STRICT_OBJC_MSGSEND = YES;
				GCC_C_LANGUAGE_STANDARD = gnu11;
				GCC_NO_COMMON_BLOCKS = YES;
				GCC_WARN_64_TO_32_BIT_CONVERSION = YES;
				GCC_WARN_ABOUT_RETURN_TYPE = YES_ERROR;
				GCC_WARN_UNDECLARED_SELECTOR = YES;
				GCC_WARN_UNINITIALIZED_AUTOS = YES_AGGRESSIVE;
				GCC_WARN_UNUSED_FUNCTION = YES;
				GCC_WARN_UNUSED_VARIABLE = YES;
				IPHONEOS_DEPLOYMENT_TARGET = 11.1;
				MTL_ENABLE_DEBUG_INFO = NO;
				SDKROOT = iphoneos;
				SWIFT_OPTIMIZATION_LEVEL = "-Owholemodule";
				VALIDATE_PRODUCT = YES;
			};
			name = Release;
		};
		707336771FC53AEB005844ED /* Debug */ = {
			isa = XCBuildConfiguration;
			buildSettings = {
				ASSETCATALOG_COMPILER_APPICON_NAME = AppIcon;
				CLANG_ENABLE_MODULES = YES;
				CODE_SIGN_STYLE = Manual;
				DEVELOPMENT_TEAM = 48TB6ZZL5S;
				ENABLE_BITCODE = NO;
				FRAMEWORK_SEARCH_PATHS = (
					"$(inherited)",
					"$(PROJECT_DIR)",
				);
				INFOPLIST_FILE = "Wawaji-Client/Info.plist";
				IPHONEOS_DEPLOYMENT_TARGET = 9.3;
				LD_RUNPATH_SEARCH_PATHS = "$(inherited) @executable_path/Frameworks";
				PRODUCT_BUNDLE_IDENTIFIER = "io.agora.Wawaji-Client";
				PRODUCT_NAME = "$(TARGET_NAME)";
				PROVISIONING_PROFILE = "8416c353-1120-4943-803c-99f648a0427e";
				PROVISIONING_PROFILE_SPECIFIER = AgoraIODev2017;
				SWIFT_OBJC_BRIDGING_HEADER = "";
				SWIFT_OPTIMIZATION_LEVEL = "-Onone";
				SWIFT_VERSION = 4.0;
				TARGETED_DEVICE_FAMILY = "1,2";
			};
			name = Debug;
		};
		707336781FC53AEB005844ED /* Release */ = {
			isa = XCBuildConfiguration;
			buildSettings = {
				ASSETCATALOG_COMPILER_APPICON_NAME = AppIcon;
				CLANG_ENABLE_MODULES = YES;
				CODE_SIGN_STYLE = Manual;
				DEVELOPMENT_TEAM = 48TB6ZZL5S;
				ENABLE_BITCODE = NO;
				FRAMEWORK_SEARCH_PATHS = (
					"$(inherited)",
					"$(PROJECT_DIR)",
				);
				INFOPLIST_FILE = "Wawaji-Client/Info.plist";
				IPHONEOS_DEPLOYMENT_TARGET = 9.3;
				LD_RUNPATH_SEARCH_PATHS = "$(inherited) @executable_path/Frameworks";
				PRODUCT_BUNDLE_IDENTIFIER = "io.agora.Wawaji-Client";
				PRODUCT_NAME = "$(TARGET_NAME)";
				PROVISIONING_PROFILE = "8416c353-1120-4943-803c-99f648a0427e";
				PROVISIONING_PROFILE_SPECIFIER = AgoraIODev2017;
				SWIFT_OBJC_BRIDGING_HEADER = "";
				SWIFT_VERSION = 4.0;
				TARGETED_DEVICE_FAMILY = "1,2";
			};
			name = Release;
		};
/* End XCBuildConfiguration section */

/* Begin XCConfigurationList section */
		7073365F1FC53AEA005844ED /* Build configuration list for PBXProject "Wawaji-Client" */ = {
			isa = XCConfigurationList;
			buildConfigurations = (
				707336741FC53AEB005844ED /* Debug */,
				707336751FC53AEB005844ED /* Release */,
			);
			defaultConfigurationIsVisible = 0;
			defaultConfigurationName = Release;
		};
		707336761FC53AEB005844ED /* Build configuration list for PBXNativeTarget "Wawaji-Client" */ = {
			isa = XCConfigurationList;
			buildConfigurations = (
				707336771FC53AEB005844ED /* Debug */,
				707336781FC53AEB005844ED /* Release */,
			);
			defaultConfigurationIsVisible = 0;
			defaultConfigurationName = Release;
		};
/* End XCConfigurationList section */
	};
	rootObject = 7073365C1FC53AEA005844ED /* Project object */;
}
